{
  "name": "asp.net",
  "version": "1.0.0",
  "lockfileVersion": 1,
  "requires": true,
  "dependencies": {
    "@babel/runtime": {
      "version": "7.4.5",
      "resolved": "https://registry.npmjs.org/@babel/runtime/-/runtime-7.4.5.tgz",
      "integrity": "sha512-TuI4qpWZP6lGOGIuGWtp9sPluqYICmbk8T/1vpSysqJxRPkudh/ofFWyqdcMsDf2s7KvDL4/YHgKyvcS3g9CJQ==",
      "requires": {
        "regenerator-runtime": "^0.13.2"
      }
    },
    "@emotion/hash": {
      "version": "0.6.6",
      "resolved": "https://registry.npmjs.org/@emotion/hash/-/hash-0.6.6.tgz",
      "integrity": "sha512-ojhgxzUHZ7am3D2jHkMzPpsBAiB005GF5YU4ea+8DNPybMk01JJUM9V9YRlF/GE95tcOm8DxQvWA2jq19bGalQ=="
    },
    "@emotion/is-prop-valid": {
      "version": "0.6.8",
      "resolved": "https://registry.npmjs.org/@emotion/is-prop-valid/-/is-prop-valid-0.6.8.tgz",
      "integrity": "sha512-IMSL7ekYhmFlILXcouA6ket3vV7u9BqStlXzbKOF9HBtpUPMMlHU+bBxrLOa2NvleVwNIxeq/zL8LafLbeUXcA==",
      "requires": {
        "@emotion/memoize": "^0.6.6"
      }
    },
    "@emotion/memoize": {
      "version": "0.6.6",
      "resolved": "https://registry.npmjs.org/@emotion/memoize/-/memoize-0.6.6.tgz",
      "integrity": "sha512-h4t4jFjtm1YV7UirAFuSuFGyLa+NNxjdkq6DpFLANNQY5rHueFZHVY+8Cu1HYVP6DrheB0kv4m5xPjo7eKT7yQ=="
    },
    "@emotion/stylis": {
      "version": "0.7.1",
      "resolved": "https://registry.npmjs.org/@emotion/stylis/-/stylis-0.7.1.tgz",
      "integrity": "sha512-/SLmSIkN13M//53TtNxgxo57mcJk/UJIDFRKwOiLIBEyBHEcipgR6hNMQ/59Sl4VjCJ0Z/3zeAZyvnSLPG/1HQ=="
    },
    "@emotion/unitless": {
      "version": "0.6.7",
      "resolved": "https://registry.npmjs.org/@emotion/unitless/-/unitless-0.6.7.tgz",
      "integrity": "sha512-Arj1hncvEVqQ2p7Ega08uHLr1JuRYBuO5cIvcA+WWEQ5+VmkOE3ZXzl04NbQxeQpWX78G7u6MqxKuNX3wvYZxg=="
    },
    "@livechat/data-utils": {
      "version": "0.2.7",
      "resolved": "https://registry.npmjs.org/@livechat/data-utils/-/data-utils-0.2.7.tgz",
      "integrity": "sha512-gF+5qQTy3UMn+0goU32qgbwAffTMQQIii2GZL3x1BzC0VmBK2SLVbYcdciiIsXvcdwnXLwLmxG+/HgM6eDr/1Q=="
    },
    "@livechat/ui-kit": {
      "version": "0.4.0-5",
      "resolved": "https://registry.npmjs.org/@livechat/ui-kit/-/ui-kit-0.4.0-5.tgz",
      "integrity": "sha512-N70HLVxDNLDpwK1llpCa5a/xQg1SJp4LQqvQjM37JMcISbjBzpcyg/iI6TcX2jXEorGx4EYZjXTCwWRg2ZfsBw==",
      "requires": {
        "@babel/runtime": "^7.2.0",
        "@emotion/is-prop-valid": "^0.6.8",
        "@livechat/data-utils": "^0.2.7",
        "@popmotion/easing": "^1.0.1",
        "callbag-duration-progress": "^1.0.0",
        "callbag-for-each": "^1.0.1",
        "callbag-map": "^1.0.1",
        "callbag-pipe": "^1.1.1",
        "create-emotion": "^9.2.6",
        "create-emotion-styled": "^9.2.6",
        "emotion-theming": "^9.2.6",
        "polished": "1.9.0",
        "prop-types": "^15.5.8",
        "react-textarea-autosize": "^7.1.0",
        "react-toggled": "^1.2.7",
        "react-transition-group": "^4.0.1",
        "recompose": "^0.23.4",
        "resize-observer-polyfill": "^1.5.0",
        "stylis-custom-properties": "0.0.3"
      }
    },
    "@popmotion/easing": {
      "version": "1.0.2",
      "resolved": "https://registry.npmjs.org/@popmotion/easing/-/easing-1.0.2.tgz",
      "integrity": "sha512-IkdW0TNmRnWTeWI7aGQIVDbKXPWHVEYdGgd5ZR4SH/Ty/61p63jCjrPxX1XrR7IGkl08bjhJROStD7j+RKgoIw=="
    },
    "asap": {
      "version": "2.0.6",
      "resolved": "https://registry.npmjs.org/asap/-/asap-2.0.6.tgz",
      "integrity": "sha1-5QNHYR1+aQlDIIu9r+vLwvuGbUY="
    },
    "callbag": {
      "version": "1.2.0",
      "resolved": "https://registry.npmjs.org/callbag/-/callbag-1.2.0.tgz",
      "integrity": "sha512-RMcVOk2oyA8CyCt/HsLEvnvvttKlaGVaG0uOo5IY7RpdiPLhStjxv5oYre33VJfT8kJE+cuKLSNHooz7yCUdhQ=="
    },
    "callbag-animation-frames": {
      "version": "2.1.0",
      "resolved": "https://registry.npmjs.org/callbag-animation-frames/-/callbag-animation-frames-2.1.0.tgz",
      "integrity": "sha512-mRvpE47uySluq2ioOVMY1fqS//6bxuiok8hNEMdPwa2JPYBJIQxkdpTpOXuAzyfxd+U1Yysp3I37PrnaH0ziPg==",
      "requires": {
        "callbag": "^1.1.0",
        "callbag-share": "^1.1.1"
      }
    },
    "callbag-concat": {
      "version": "1.2.1",
      "resolved": "https://registry.npmjs.org/callbag-concat/-/callbag-concat-1.2.1.tgz",
      "integrity": "sha512-iIC4FCUF7sKnt4gDKHNjMRHekebdaA1/udjON/mCLg31EzzTO/dE9nfxpcj+G/63KopFXVQdZKQDsu7UOYGpPg==",
      "requires": {
        "callbag": "^1.2.0"
      }
    },
    "callbag-concat-with": {
      "version": "1.2.0",
      "resolved": "https://registry.npmjs.org/callbag-concat-with/-/callbag-concat-with-1.2.0.tgz",
      "integrity": "sha512-F2BHaSHMdKHsdQ01dtgUzcGWOEzE5MxpneN5TVlcVleVZb3BUnTcIuI40mLdd8xfYAADYhDGk+SaoRsq8VH1Kw==",
      "requires": {
        "callbag": "^1.1.0",
        "callbag-concat": "^1.2.0",
        "callbag-of": "^2.0.0"
      }
    },
    "callbag-defer": {
      "version": "1.1.0",
      "resolved": "https://registry.npmjs.org/callbag-defer/-/callbag-defer-1.1.0.tgz",
      "integrity": "sha512-hRW/2CiLZjaKy5IOT1htcZOgwQut+E2gwjVRXDdoLgTrzce9WNK5PUmNhG/oZDEo2DFASiKU3tPBJ6A4iDzjXQ==",
      "requires": {
        "callbag": "^1.2.0",
        "callbag-flatten": "^1.4.0",
        "callbag-lazy": "^2.0.1"
      }
    },
    "callbag-duration-progress": {
      "version": "1.0.3",
      "resolved": "https://registry.npmjs.org/callbag-duration-progress/-/callbag-duration-progress-1.0.3.tgz",
      "integrity": "sha512-XN+rdxvQjmMEXkHecZqX6AMN8TqL0Pf/EC0tjXjtRcGHkks7iCk6yzdK6lDjPES4sPBxFyIF80sunu3tKuVb5g==",
      "requires": {
        "callbag-concat-with": "^1.1.0",
        "callbag-map": "^1.0.1",
        "callbag-ms-elapsed": "^1.1.1",
        "callbag-take-while": "^1.0.0"
      }
    },
    "callbag-flatten": {
      "version": "1.4.0",
      "resolved": "https://registry.npmjs.org/callbag-flatten/-/callbag-flatten-1.4.0.tgz",
      "integrity": "sha512-2JM/jA0Ijnuu15kqcdepVd8Iv/L3VytTFOjP0rk/BKc4/yvUUPkQfR3U2QM6Uq+DO/roOWMfrVKaMAxsZ8ciww==",
      "requires": {
        "callbag": "^1.1.0"
      }
    },
    "callbag-for-each": {
      "version": "1.1.0",
      "resolved": "https://registry.npmjs.org/callbag-for-each/-/callbag-for-each-1.1.0.tgz",
      "integrity": "sha512-/FKC/dd3hnw/M1G5mlZrz/+UbtHYPz5PsmmBvpthNb67v6XuQlT93BzxQDxRHAalAjsOci8ZqoYFgmmJxwGhvg==",
      "requires": {
        "callbag": "^1.1.0"
      }
    },
    "callbag-lazy": {
      "version": "2.0.1",
      "resolved": "https://registry.npmjs.org/callbag-lazy/-/callbag-lazy-2.0.1.tgz",
      "integrity": "sha512-NGusLZnRL6F26wxi6ydJl1kPB2zXU+s3f3u8dYW/8SFq9Z0WZVYrkMfnWbvX3hJLMf9I+XSL1RCj504Re1m0Vg==",
      "requires": {
        "callbag": "^1.1.0"
      }
    },
    "callbag-map": {
      "version": "1.1.0",
      "resolved": "https://registry.npmjs.org/callbag-map/-/callbag-map-1.1.0.tgz",
      "integrity": "sha512-/xFzvJCtx1xulZpFeI4wq+ZD7tkg417XOeJ3wS9v8bHLLpt+fHKXgbZ8TBnnIxywJN6Uu/ZhL+c1DzUG6KXYFQ==",
      "requires": {
        "callbag": "^1.1.0"
      }
    },
    "callbag-ms-elapsed": {
      "version": "1.1.1",
      "resolved": "https://registry.npmjs.org/callbag-ms-elapsed/-/callbag-ms-elapsed-1.1.1.tgz",
      "integrity": "sha512-DrCb7LVBcl7gsic4fhiEUOxrWjus6mKtlGd2WWm0SPkAqDo6Baa39fWE1MHlXv14JlT+wn1ejK3nULXEetYOkg==",
      "requires": {
        "callbag-animation-frames": "^2.0.1",
        "callbag-defer": "^1.0.0",
        "callbag-map": "^1.0.1"
      }
    },
    "callbag-of": {
      "version": "2.0.0",
      "resolved": "https://registry.npmjs.org/callbag-of/-/callbag-of-2.0.0.tgz",
      "integrity": "sha512-eqOUTQn2P/gzlPlRKo/PY/bVRASDFiFNI2+kfjyd5YHJERET4u6WP4xHNmKJlWcDaFQtaJdigzryu+Ja+W6L9A=="
    },
    "callbag-pipe": {
      "version": "1.2.0",
      "resolved": "https://registry.npmjs.org/callbag-pipe/-/callbag-pipe-1.2.0.tgz",
      "integrity": "sha512-M+LdHUK0qJkm4CRe+I870ZzD/SnzcpTsfJRzFoB2hOkNXlrVdoj002KMkfdS4pHMfV6egzZFd8j+xJu6C4kwEQ=="
    },
    "callbag-share": {
      "version": "1.2.0",
      "resolved": "https://registry.npmjs.org/callbag-share/-/callbag-share-1.2.0.tgz",
      "integrity": "sha512-Gt+D5lfJ/j3X5/3PiMPL8hHDPBmeQILZl2QYu+YJtSFz6PlNGQSL45aD4e4uoxMvhMZY9NpMHh7KRWia9PZA+g==",
      "requires": {
        "callbag": "^1.1.0"
      }
    },
    "callbag-take-while": {
      "version": "1.0.0",
      "resolved": "https://registry.npmjs.org/callbag-take-while/-/callbag-take-while-1.0.0.tgz",
      "integrity": "sha512-OfKid0exYr0i2rMTvZytP/QhNRTerdKhQpwUfHepeyypm7J+I90uRpSfEnjEwsjBd3xghU52xV6f5aOFe9VsTA=="
    },
    "change-emitter": {
      "version": "0.1.6",
      "resolved": "https://registry.npmjs.org/change-emitter/-/change-emitter-0.1.6.tgz",
      "integrity": "sha1-6LL+PX8at9aaMhma/5HqaTFAlRU="
    },
    "core-js": {
      "version": "1.2.7",
      "resolved": "https://registry.npmjs.org/core-js/-/core-js-1.2.7.tgz",
      "integrity": "sha1-ZSKUwUZR2yj6k70tX/KYOk8IxjY="
    },
    "create-emotion": {
      "version": "9.2.12",
      "resolved": "https://registry.npmjs.org/create-emotion/-/create-emotion-9.2.12.tgz",
      "integrity": "sha512-P57uOF9NL2y98Xrbl2OuiDQUZ30GVmASsv5fbsjF4Hlraip2kyAvMm+2PoYUvFFw03Fhgtxk3RqZSm2/qHL9hA==",
      "requires": {
        "@emotion/hash": "^0.6.2",
        "@emotion/memoize": "^0.6.1",
        "@emotion/stylis": "^0.7.0",
        "@emotion/unitless": "^0.6.2",
        "csstype": "^2.5.2",
        "stylis": "^3.5.0",
        "stylis-rule-sheet": "^0.0.10"
      }
    },
    "create-emotion-styled": {
      "version": "9.2.8",
      "resolved": "https://registry.npmjs.org/create-emotion-styled/-/create-emotion-styled-9.2.8.tgz",
      "integrity": "sha512-2LrNM5MREWzI5hZK+LyiBHglwE18WE3AEbBQgpHQ1+zmyLSm/dJsUZBeFAwuIMb+TjNZP0KsMZlV776ufOtFdg==",
      "requires": {
        "@emotion/is-prop-valid": "^0.6.1"
      }
    },
    "csstype": {
      "version": "2.6.5",
      "resolved": "https://registry.npmjs.org/csstype/-/csstype-2.6.5.tgz",
      "integrity": "sha512-JsTaiksRsel5n7XwqPAfB0l3TFKdpjW/kgAELf9vrb5adGA7UCPLajKK5s3nFrcFm3Rkyp/Qkgl73ENc1UY3cA=="
    },
    "dom-helpers": {
      "version": "3.4.0",
      "resolved": "https://registry.npmjs.org/dom-helpers/-/dom-helpers-3.4.0.tgz",
      "integrity": "sha512-LnuPJ+dwqKDIyotW1VzmOZ5TONUN7CwkCR5hrgawTUbkBGYdeoNLZo6nNfGkCrjtE1nXXaj7iMMpDa8/d9WoIA==",
      "requires": {
        "@babel/runtime": "^7.1.2"
      }
    },
    "emotion-theming": {
      "version": "9.2.9",
      "resolved": "https://registry.npmjs.org/emotion-theming/-/emotion-theming-9.2.9.tgz",
      "integrity": "sha512-Ncyr1WocmDDrTbuYAzklIUC5iKiGtHy3e5ymoFXcka6SuvZl/EDMawegk4wVp72Agrcm1xemab3QOHfnOkpoMA==",
      "requires": {
        "hoist-non-react-statics": "^2.3.1"
      }
    },
    "encoding": {
      "version": "0.1.12",
      "resolved": "https://registry.npmjs.org/encoding/-/encoding-0.1.12.tgz",
      "integrity": "sha1-U4tm8+5izRq1HsMjgp0flIDHS+s=",
      "requires": {
        "iconv-lite": "~0.4.13"
      }
    },
    "fbjs": {
      "version": "0.8.17",
      "resolved": "https://registry.npmjs.org/fbjs/-/fbjs-0.8.17.tgz",
      "integrity": "sha1-xNWY6taUkRJlPWWIsBpc3Nn5D90=",
      "requires": {
        "core-js": "^1.0.0",
        "isomorphic-fetch": "^2.1.1",
        "loose-envify": "^1.0.0",
        "object-assign": "^4.1.0",
        "promise": "^7.1.1",
        "setimmediate": "^1.0.5",
        "ua-parser-js": "^0.7.18"
      }
    },
    "hoist-non-react-statics": {
      "version": "2.5.5",
      "resolved": "https://registry.npmjs.org/hoist-non-react-statics/-/hoist-non-react-statics-2.5.5.tgz",
      "integrity": "sha512-rqcy4pJo55FTTLWt+bU8ukscqHeE/e9KWvsOW2b/a3afxQZhwkQdT1rPPCJ0rYXdj4vNcasY8zHTH+jF/qStxw=="
    },
    "iconv-lite": {
      "version": "0.4.24",
      "resolved": "https://registry.npmjs.org/iconv-lite/-/iconv-lite-0.4.24.tgz",
      "integrity": "sha512-v3MXnZAcvnywkTUEZomIActle7RXXeedOR31wwl7VlyoXO4Qi9arvSenNQWne1TcRwhCL1HwLI21bEqdpj8/rA==",
      "requires": {
        "safer-buffer": ">= 2.1.2 < 3"
      }
    },
    "is-stream": {
      "version": "1.1.0",
      "resolved": "https://registry.npmjs.org/is-stream/-/is-stream-1.1.0.tgz",
      "integrity": "sha1-EtSj3U5o4Lec6428hBc66A2RykQ="
    },
    "isomorphic-fetch": {
      "version": "2.2.1",
      "resolved": "https://registry.npmjs.org/isomorphic-fetch/-/isomorphic-fetch-2.2.1.tgz",
      "integrity": "sha1-YRrhrPFPXoH3KVB0coGf6XM1WKk=",
      "requires": {
        "node-fetch": "^1.0.1",
        "whatwg-fetch": ">=0.10.0"
      }
    },
    "js-tokens": {
      "version": "4.0.0",
      "resolved": "https://registry.npmjs.org/js-tokens/-/js-tokens-4.0.0.tgz",
      "integrity": "sha512-RdJUflcE3cUzKiMqQgsCu06FPu9UdIJO0beYbPhHN4k6apgJtifcoCtT9bcxOpYBtpD2kCM6Sbzg4CausW/PKQ=="
    },
    "loose-envify": {
      "version": "1.4.0",
      "resolved": "https://registry.npmjs.org/loose-envify/-/loose-envify-1.4.0.tgz",
      "integrity": "sha512-lyuxPGr/Wfhrlem2CL/UcnUc1zcqKAImBDzukY7Y5F/yQiNdko6+fRLevlw1HgMySw7f611UIY408EtxRSoK3Q==",
      "requires": {
        "js-tokens": "^3.0.0 || ^4.0.0"
      }
    },
    "node-fetch": {
      "version": "1.7.3",
      "resolved": "https://registry.npmjs.org/node-fetch/-/node-fetch-1.7.3.tgz",
      "integrity": "sha512-NhZ4CsKx7cYm2vSrBAr2PvFOe6sWDf0UYLRqA6svUYg7+/TSfVAu49jYC4BvQ4Sms9SZgdqGBgroqfDhJdTyKQ==",
      "requires": {
        "encoding": "^0.1.11",
        "is-stream": "^1.0.1"
      }
    },
    "object-assign": {
      "version": "4.1.1",
      "resolved": "https://registry.npmjs.org/object-assign/-/object-assign-4.1.1.tgz",
      "integrity": "sha1-IQmtx5ZYh8/AXLvUQsrIv7s2CGM="
    },
    "polished": {
      "version": "1.9.0",
      "resolved": "https://registry.npmjs.org/polished/-/polished-1.9.0.tgz",
      "integrity": "sha512-xCteonGa+5eDt2lcbVg0jzh7GLRoejljfh0bP3XBymCHz1uAsi1IjW5T0XrDGRbUzb/f7vXUS+Tz2Ipw3S/w8A=="
    },
    "promise": {
      "version": "7.3.1",
      "resolved": "https://registry.npmjs.org/promise/-/promise-7.3.1.tgz",
      "integrity": "sha512-nolQXZ/4L+bP/UGlkfaIujX9BKxGwmQ9OT4mOt5yvy8iK1h3wqTEJCijzGANTCCl9nWjY41juyAn2K3Q1hLLTg==",
      "requires": {
        "asap": "~2.0.3"
      }
    },
    "prop-types": {
      "version": "15.7.2",
      "resolved": "https://registry.npmjs.org/prop-types/-/prop-types-15.7.2.tgz",
      "integrity": "sha512-8QQikdH7//R2vurIJSutZ1smHYTcLpRWEOlHnzcWHmBYrOGUysKwSsrC89BCiFj3CbrfJ/nXFdJepOVrY1GCHQ==",
      "requires": {
        "loose-envify": "^1.4.0",
        "object-assign": "^4.1.1",
        "react-is": "^16.8.1"
      }
    },
    "react-is": {
      "version": "16.8.6",
      "resolved": "https://registry.npmjs.org/react-is/-/react-is-16.8.6.tgz",
      "integrity": "sha512-aUk3bHfZ2bRSVFFbbeVS4i+lNPZr3/WM5jT2J5omUVV1zzcs1nAaf3l51ctA5FFvCRbhrH0bdAsRRQddFJZPtA=="
    },
    "react-textarea-autosize": {
      "version": "7.1.0",
      "resolved": "https://registry.npmjs.org/react-textarea-autosize/-/react-textarea-autosize-7.1.0.tgz",
      "integrity": "sha512-c2FlR/fP0qbxmlrW96SdrbgP/v0XZMTupqB90zybvmDVDutytUgPl7beU35klwcTeMepUIQEpQUn3P3bdshGPg==",
      "requires": {
        "@babel/runtime": "^7.1.2",
        "prop-types": "^15.6.0"
      }
    },
    "react-toggled": {
      "version": "1.2.7",
      "resolved": "https://registry.npmjs.org/react-toggled/-/react-toggled-1.2.7.tgz",
      "integrity": "sha512-3am1uA5ZzDwUkReEuUkK+fJ0DAYcGiLraWEPqXfL1kKD/NHbbB7fB/t+5FflMGd+FA6n9hih1es4pui1yzKi0w=="
    },
    "react-transition-group": {
      "version": "4.2.0",
      "resolved": "https://registry.npmjs.org/react-transition-group/-/react-transition-group-4.2.0.tgz",
      "integrity": "sha512-EKfLKbqdrbrTQFxCOFCJ+wW+d461QhPJTLbARN5WKrNz3jxTnom4cPsq4xaBagQAF/7Qs5+XpG4zrtDRJH0bpA==",
      "requires": {
        "@babel/runtime": "^7.4.5",
        "dom-helpers": "^3.4.0",
        "loose-envify": "^1.4.0",
        "prop-types": "^15.6.2"
      }
    },
    "recompose": {
      "version": "0.23.5",
      "resolved": "https://registry.npmjs.org/recompose/-/recompose-0.23.5.tgz",
      "integrity": "sha1-cqyCYSRr7DeCNdGHRn0CpyHosd4=",
      "requires": {
        "change-emitter": "^0.1.2",
        "fbjs": "^0.8.1",
        "hoist-non-react-statics": "^1.0.0",
        "symbol-observable": "^1.0.4"
      },
      "dependencies": {
        "hoist-non-react-statics": {
          "version": "1.2.0",
          "resolved": "https://registry.npmjs.org/hoist-non-react-statics/-/hoist-non-react-statics-1.2.0.tgz",
          "integrity": "sha1-qkSM8JhtVcxAdzsXF0t90GbLfPs="
        }
      }
    },
    "regenerator-runtime": {
      "version": "0.13.2",
      "resolved": "https://registry.npmjs.org/regenerator-runtime/-/regenerator-runtime-0.13.2.tgz",
      "integrity": "sha512-S/TQAZJO+D3m9xeN1WTI8dLKBBiRgXBlTJvbWjCThHWZj9EvHK70Ff50/tYj2J/fvBY6JtFVwRuazHN2E7M9BA=="
    },
    "resize-observer-polyfill": {
      "version": "1.5.1",
      "resolved": "https://registry.npmjs.org/resize-observer-polyfill/-/resize-observer-polyfill-1.5.1.tgz",
      "integrity": "sha512-LwZrotdHOo12nQuZlHEmtuXdqGoOD0OhaxopaNFxWzInpEgaLWoVuAMbTzixuosCx2nEG58ngzW3vxdWoxIgdg=="
    },
    "safer-buffer": {
      "version": "2.1.2",
      "resolved": "https://registry.npmjs.org/safer-buffer/-/safer-buffer-2.1.2.tgz",
      "integrity": "sha512-YZo3K82SD7Riyi0E1EQPojLz7kpepnSQI9IyPbHHg1XXXevb5dJI7tpyN2ADxGcQbHG7vcyRHk0cbwqcQriUtg=="
    },
    "setimmediate": {
      "version": "1.0.5",
      "resolved": "https://registry.npmjs.org/setimmediate/-/setimmediate-1.0.5.tgz",
      "integrity": "sha1-KQy7Iy4waULX1+qbg3Mqt4VvgoU="
    },
    "stylis": {
      "version": "3.5.4",
      "resolved": "https://registry.npmjs.org/stylis/-/stylis-3.5.4.tgz",
      "integrity": "sha512-8/3pSmthWM7lsPBKv7NXkzn2Uc9W7NotcwGNpJaa3k7WMM1XDCA4MgT5k/8BIexd5ydZdboXtU90XH9Ec4Bv/Q=="
    },
    "stylis-custom-properties": {
      "version": "0.0.3",
      "resolved": "https://registry.npmjs.org/stylis-custom-properties/-/stylis-custom-properties-0.0.3.tgz",
      "integrity": "sha1-Ei4Tuwb1mAU5U34iYMxULksFvFE="
    },
    "stylis-rule-sheet": {
      "version": "0.0.10",
      "resolved": "https://registry.npmjs.org/stylis-rule-sheet/-/stylis-rule-sheet-0.0.10.tgz",
      "integrity": "sha512-nTbZoaqoBnmK+ptANthb10ZRZOGC+EmTLLUxeYIuHNkEKcmKgXX1XWKkUBT2Ac4es3NybooPe0SmvKdhKJZAuw=="
    },
    "symbol-observable": {
      "version": "1.2.0",
      "resolved": "https://registry.npmjs.org/symbol-observable/-/symbol-observable-1.2.0.tgz",
      "integrity": "sha512-e900nM8RRtGhlV36KGEU9k65K3mPb1WV70OdjfxlG2EAuM1noi/E/BaW/uMhL7bPEssK8QV57vN3esixjUvcXQ=="
    },
    "ua-parser-js": {
      "version": "0.7.20",
      "resolved": "https://registry.npmjs.org/ua-parser-js/-/ua-parser-js-0.7.20.tgz",
      "integrity": "sha512-8OaIKfzL5cpx8eCMAhhvTlft8GYF8b2eQr6JkCyVdrgjcytyOmPCXrqXFcUnhonRpLlh5yxEZVohm6mzaowUOw=="
    },
    "whatwg-fetch": {
      "version": "3.0.0",
      "resolved": "https://registry.npmjs.org/whatwg-fetch/-/whatwg-fetch-3.0.0.tgz",
      "integrity": "sha512-9GSJUgz1D4MfyKU7KRqwOjXCXTqWdFNvEr7eUBYchQiVc744mqK/MzXPNR2WsPkmkOa4ywfg8C2n8h+13Bey1Q=="
    }
  }
}
